
Microsoft Visual Studio Solution File, Format Version 12.00
# Visual Studio Version 16
VisualStudioVersion = 16.0.31205.134
MinimumVisualStudioVersion = 10.0.40219.1
Project("{FAE04EC0-301F-11D3-BF4B-00C04F79EFBC}") = "CrudNetCore5", "CrudNetCore5\CrudNetCore5.csproj", "{BCFBB96C-B26C-4561-93F3-826AC147C545}"
EndProject
Global
	GlobalSection(SolutionConfigurationPlatforms) = preSolution
		Debug|Any CPU = Debug|Any CPU
		Release|Any CPU = Release|Any CPU
	EndGlobalSection
	GlobalSection(ProjectConfigurationPlatforms) = postSolution
		{BCFBB96C-B26C-4561-93F3-826AC147C545}.Debug|Any CPU.ActiveCfg = Debug|Any CPU
		{BCFBB96C-B26C-4561-93F3-826AC147C545}.Debug|Any CPU.Build.0 = Debug|Any CPU
		{BCFBB96C-B26C-4561-93F3-826AC147C545}.Release|Any CPU.ActiveCfg = Release|Any CPU
		{BCFBB96C-B26C-4561-93F3-826AC147C545}.Release|Any CPU.Build.0 = Release|Any CPU
	EndGlobalSection
	GlobalSection(SolutionProperties) = preSolution
		HideSolutionNode = FALSE
	EndGlobalSection
	GlobalSection(ExtensibilityGlobals) = postSolution
		SolutionGuid = {6CFB135E-E85B-4C9A-B08F-B13427BA2F89}
	EndGlobalSection
EndGlobal
